// !$*UTF8*$!
{
	archiveVersion = 1;
	classes = {
	};
	objectVersion = 46;
	objects = {

/* Begin PBXBuildFile section */
		2923949D215934590089CA0C /* AppDelegate.swift in Sources */ = {isa = PBXBuildFile; fileRef = 2923949C215934590089CA0C /* AppDelegate.swift */; };
		2923949F215934590089CA0C /* ViewController.swift in Sources */ = {isa = PBXBuildFile; fileRef = 2923949E215934590089CA0C /* ViewController.swift */; };
		292394A2215934590089CA0C /* Main.storyboard in Resources */ = {isa = PBXBuildFile; fileRef = 292394A0215934590089CA0C /* Main.storyboard */; };
		292394A4215934590089CA0C /* Assets.xcassets in Resources */ = {isa = PBXBuildFile; fileRef = 292394A3215934590089CA0C /* Assets.xcassets */; };
		292394A7215934590089CA0C /* LaunchScreen.storyboard in Resources */ = {isa = PBXBuildFile; fileRef = 292394A5215934590089CA0C /* LaunchScreen.storyboard */; };
		292394B2215934590089CA0C /* firtsAppTests.swift in Sources */ = {isa = PBXBuildFile; fileRef = 292394B1215934590089CA0C /* firtsAppTests.swift */; };
/* End PBXBuildFile section */

/* Begin PBXContainerItemProxy section */
		292394AE215934590089CA0C /* PBXContainerItemProxy */ = {
			isa = PBXContainerItemProxy;
			containerPortal = 29239491215934580089CA0C /* Project object */;
			proxyType = 1;
			remoteGlobalIDString = 29239498215934580089CA0C;
			remoteInfo = firtsApp;
		};
/* End PBXContainerItemProxy section */

/* Begin PBXFileReference section */
		29239499215934590089CA0C /* firtsApp.app */ = {isa = PBXFileReference; explicitFileType = wrapper.application; includeInIndex = 0; path = firtsApp.app; sourceTree = BUILT_PRODUCTS_DIR; };
		2923949C215934590089CA0C /* AppDelegate.swift */ = {isa = PBXFileReference; lastKnownFileType = sourcecode.swift; path = AppDelegate.swift; sourceTree = "<group>"; };
		2923949E215934590089CA0C /* ViewController.swift */ = {isa = PBXFileReference; lastKnownFileType = sourcecode.swift; path = ViewController.swift; sourceTree = "<group>"; };
		292394A1215934590089CA0C /* Base */ = {isa = PBXFileReference; lastKnownFileType = file.storyboard; name = Base; path = Base.lproj/Main.storyboard; sourceTree = "<group>"; };
		292394A3215934590089CA0C /* Assets.xcassets */ = {isa = PBXFileReference; lastKnownFileType = folder.assetcatalog; path = Assets.xcassets; sourceTree = "<group>"; };
		292394A6215934590089CA0C /* Base */ = {isa = PBXFileReference; lastKnownFileType = file.storyboard; name = Base; path = Base.lproj/LaunchScreen.storyboard; sourceTree = "<group>"; };
		292394A8215934590089CA0C /* Info.plist */ = {isa = PBXFileReference; lastKnownFileType = text.plist.xml; path = Info.plist; sourceTree = "<group>"; };
		292394AD215934590089CA0C /* firtsAppTests.xctest */ = {isa = PBXFileReference; explicitFileType = wrapper.cfbundle; includeInIndex = 0; path = firtsAppTests.xctest; sourceTree = BUILT_PRODUCTS_DIR; };
		292394B1215934590089CA0C /* firtsAppTests.swift */ = {isa = PBXFileReference; lastKnownFileType = sourcecode.swift; path = firtsAppTests.swift; sourceTree = "<group>"; };
		292394B3215934590089CA0C /* Info.plist */ = {isa = PBXFileReference; lastKnownFileType = text.plist.xml; path = Info.plist; sourceTree = "<group>"; };
/* End PBXFileReference section */

/* Begin PBXFrameworksBuildPhase section */
		29239496215934580089CA0C /* Frameworks */ = {
			isa = PBXFrameworksBuildPhase;
			buildActionMask = 2147483647;
			files = (
			);
			runOnlyForDeploymentPostprocessing = 0;
		};
		292394AA215934590089CA0C /* Frameworks */ = {
			isa = PBXFrameworksBuildPhase;
			buildActionMask = 2147483647;
			files = (
			);
			runOnlyForDeploymentPostprocessing = 0;
		};
/* End PBXFrameworksBuildPhase section */

/* Begin PBXGroup section */
		29239490215934580089CA0C = {
			isa = PBXGroup;
			children = (
				2923949B215934590089CA0C /* firtsApp */,
				292394B0215934590089CA0C /* firtsAppTests */,
				2923949A215934590089CA0C /* Products */,
			);
			sourceTree = "<group>";
		};
		2923949A215934590089CA0C /* Products */ = {
			isa = PBXGroup;
			children = (
				29239499215934590089CA0C /* firtsApp.app */,
				292394AD215934590089CA0C /* firtsAppTests.xctest */,
			);
			name = Products;
			sourceTree = "<group>";
		};
		2923949B215934590089CA0C /* firtsApp */ = {
			isa = PBXGroup;
			children = (
				2923949C215934590089CA0C /* AppDelegate.swift */,
				2923949E215934590089CA0C /* ViewController.swift */,
				292394A0215934590089CA0C /* Main.storyboard */,
				292394A3215934590089CA0C /* Assets.xcassets */,
				292394A5215934590089CA0C /* LaunchScreen.storyboard */,
				292394A8215934590089CA0C /* Info.plist */,
			);
			path = firtsApp;
			sourceTree = "<group>";
		};
		292394B0215934590089CA0C /* firtsAppTests */ = {
			isa = PBXGroup;
			children = (
				292394B1215934590089CA0C /* firtsAppTests.swift */,
				292394B3215934590089CA0C /* Info.plist */,
			);
			path = firtsAppTests;
			sourceTree = "<group>";
		};
/* End PBXGroup section */

/* Begin PBXNativeTarget section */
		29239498215934580089CA0C /* firtsApp */ = {
			isa = PBXNativeTarget;
			buildConfigurationList = 292394B6215934590089CA0C /* Build configuration list for PBXNativeTarget "firtsApp" */;
			buildPhases = (
				29239495215934580089CA0C /* Sources */,
				29239496215934580089CA0C /* Frameworks */,
				29239497215934580089CA0C /* Resources */,
			);
			buildRules = (
			);
			dependencies = (
			);
			name = firtsApp;
			productName = firtsApp;
			productReference = 29239499215934590089CA0C /* firtsApp.app */;
			productType = "com.apple.product-type.application";
		};
		292394AC215934590089CA0C /* firtsAppTests */ = {
			isa = PBXNativeTarget;
			buildConfigurationList = 292394B9215934590089CA0C /* Build configuration list for PBXNativeTarget "firtsAppTests" */;
			buildPhases = (
				292394A9215934590089CA0C /* Sources */,
				292394AA215934590089CA0C /* Frameworks */,
				292394AB215934590089CA0C /* Resources */,
			);
			buildRules = (
			);
			dependencies = (
				292394AF215934590089CA0C /* PBXTargetDependency */,
			);
			name = firtsAppTests;
			productName = firtsAppTests;
			productReference = 292394AD215934590089CA0C /* firtsAppTests.xctest */;
			productType = "com.apple.product-type.bundle.unit-test";
		};
/* End PBXNativeTarget section */

/* Begin PBXProject section */
		29239491215934580089CA0C /* Project object */ = {
			isa = PBXProject;
			attributes = {
				LastSwiftUpdateCheck = 0730;
				LastUpgradeCheck = 0730;
				ORGANIZATIONNAME = "Aula11Adrián Rodríguez Escudero";
				TargetAttributes = {
					29239498215934580089CA0C = {
						CreatedOnToolsVersion = 7.3.1;
					};
					292394AC215934590089CA0C = {
						CreatedOnToolsVersion = 7.3.1;
						TestTargetID = 29239498215934580089CA0C;
					};
				};
			};
			buildConfigurationList = 29239494215934580089CA0C /* Build configuration list for PBXProject "firtsApp" */;
			compatibilityVersion = "Xcode 3.2";
			developmentRegion = English;
			hasScannedForEncodings = 0;
			knownRegions = (
				en,
				Base,
			);
			mainGroup = 29239490215934580089CA0C;
			productRefGroup = 2923949A215934590089CA0C /* Products */;
			projectDirPath = "";
			projectRoot = "";
			targets = (
				29239498215934580089CA0C /* firtsApp */,
				292394AC215934590089CA0C /* firtsAppTests */,
			);
		};
/* End PBXProject section */

/* Begin PBXResourcesBuildPhase section */
		29239497215934580089CA0C /* Resources */ = {
			isa = PBXResourcesBuildPhase;
			buildActionMask = 2147483647;
			files = (
				292394A7215934590089CA0C /* LaunchScreen.storyboard in Resources */,
				292394A4215934590089CA0C /* Assets.xcassets in Resources */,
				292394A2215934590089CA0C /* Main.storyboard in Resources */,
			);
			runOnlyForDeploymentPostprocessing = 0;
		};
		292394AB215934590089CA0C /* Resources */ = {
			isa = PBXResourcesBuildPhase;
			buildActionMask = 2147483647;
			files = (
			);
			runOnlyForDeploymentPostprocessing = 0;
		};
/* End PBXResourcesBuildPhase section */

/* Begin PBXSourcesBuildPhase section */
		29239495215934580089CA0C /* Sources */ = {
			isa = PBXSourcesBuildPhase;
			buildActionMask = 2147483647;
			files = (
				2923949F215934590089CA0C /* ViewController.swift in Sources */,
				2923949D215934590089CA0C /* AppDelegate.swift in Sources */,
			);
			runOnlyForDeploymentPostprocessing = 0;
		};
		292394A9215934590089CA0C /* Sources */ = {
			isa = PBXSourcesBuildPhase;
			buildActionMask = 2147483647;
			files = (
				292394B2215934590089CA0C /* firtsAppTests.swift in Sources */,
			);
			runOnlyForDeploymentPostprocessing = 0;
		};
/* End PBXSourcesBuildPhase section */

/* Begin PBXTargetDependency section */
		292394AF215934590089CA0C /* PBXTargetDependency */ = {
			isa = PBXTargetDependency;
			target = 29239498215934580089CA0C /* firtsApp */;
			targetProxy = 292394AE215934590089CA0C /* PBXContainerItemProxy */;
		};
/* End PBXTargetDependency section */

/* Begin PBXVariantGroup section */
		292394A0215934590089CA0C /* Main.storyboard */ = {
			isa = PBXVariantGroup;
			children = (
				292394A1215934590089CA0C /* Base */,
			);
			name = Main.storyboard;
			sourceTree = "<group>";
		};
		292394A5215934590089CA0C /* LaunchScreen.storyboard */ = {
			isa = PBXVariantGroup;
			children = (
				292394A6215934590089CA0C /* Base */,
			);
			name = LaunchScreen.storyboard;
			sourceTree = "<group>";
		};
/* End PBXVariantGroup section */

/* Begin XCBuildConfiguration section */
		292394B4215934590089CA0C /* Debug */ = {
			isa = XCBuildConfiguration;
			buildSettings = {
				ALWAYS_SEARCH_USER_PATHS = NO;
				CLANG_ANALYZER_NONNULL = YES;
				CLANG_CXX_LANGUAGE_STANDARD = "gnu++0x";
				CLANG_CXX_LIBRARY = "libc++";
				CLANG_ENABLE_MODULES = YES;
				CLANG_ENABLE_OBJC_ARC = YES;
				CLANG_WARN_BOOL_CONVERSION = YES;
				CLANG_WARN_CONSTANT_CONVERSION = YES;
				CLANG_WARN_DIRECT_OBJC_ISA_USAGE = YES_ERROR;
				CLANG_WARN_EMPTY_BODY = YES;
				CLANG_WARN_ENUM_CONVERSION = YES;
				CLANG_WARN_INT_CONVERSION = YES;
				CLANG_WARN_OBJC_ROOT_CLASS = YES_ERROR;
				CLANG_WARN_UNREACHABLE_CODE = YES;
				CLANG_WARN__DUPLICATE_METHOD_MATCH = YES;
				"CODE_SIGN_IDENTITY[sdk=iphoneos*]" = "iPhone Developer";
				COPY_PHASE_STRIP = NO;
				DEBUG_INFORMATION_FORMAT = dwarf;
				ENABLE_STRICT_OBJC_MSGSEND = YES;
				ENABLE_TESTABILITY = YES;
				GCC_C_LANGUAGE_STANDARD = gnu99;
				GCC_DYNAMIC_NO_PIC = NO;
				GCC_NO_COMMON_BLOCKS = YES;
				GCC_OPTIMIZATION_LEVEL = 0;
				GCC_PREPROCESSOR_DEFINITIONS = (
					"DEBUG=1",
					"$(inherited)",
				);
				GCC_WARN_64_TO_32_BIT_CONVERSION = YES;
				GCC_WARN_ABOUT_RETURN_TYPE = YES_ERROR;
				GCC_WARN_UNDECLARED_SELECTOR = YES;
				GCC_WARN_UNINITIALIZED_AUTOS = YES_AGGRESSIVE;
				GCC_WARN_UNUSED_FUNCTION = YES;
				GCC_WARN_UNUSED_VARIABLE = YES;
				IPHONEOS_DEPLOYMENT_TARGET = 9.3;
				MTL_ENABLE_DEBUG_INFO = YES;
				ONLY_ACTIVE_ARCH = YES;
				SDKROOT = iphoneos;
				SWIFT_OPTIMIZATION_LEVEL = "-Onone";
			};
			name = Debug;
		};
		292394B5215934590089CA0C /* Release */ = {
			isa = XCBuildConfiguration;
			buildSettings = {
				ALWAYS_SEARCH_USER_PATHS = NO;
				CLANG_ANALYZER_NONNULL = YES;
				CLANG_CXX_LANGUAGE_STANDARD = "gnu++0x";
				CLANG_CXX_LIBRARY = "libc++";
				CLANG_ENABLE_MODULES = YES;
				CLANG_ENABLE_OBJC_ARC = YES;
				CLANG_WARN_BOOL_CONVERSION = YES;
				CLANG_WARN_CONSTANT_CONVERSION = YES;
				CLANG_WARN_DIRECT_OBJC_ISA_USAGE = YES_ERROR;
				CLANG_WARN_EMPTY_BODY = YES;
				CLANG_WARN_ENUM_CONVERSION = YES;
				CLANG_WARN_INT_CONVERSION = YES;
				CLANG_WARN_OBJC_ROOT_CLASS = YES_ERROR;
				CLANG_WARN_UNREACHABLE_CODE = YES;
				CLANG_WARN__DUPLICATE_METHOD_MATCH = YES;
				"CODE_SIGN_IDENTITY[sdk=iphoneos*]" = "iPhone Developer";
				COPY_PHASE_STRIP = NO;
				DEBUG_INFORMATION_FORMAT = "dwarf-with-dsym";
				ENABLE_NS_ASSERTIONS = NO;
				ENABLE_STRICT_OBJC_MSGSEND = YES;
				GCC_C_LANGUAGE_STANDARD = gnu99;
				GCC_NO_COMMON_BLOCKS = YES;
				GCC_WARN_64_TO_32_BIT_CONVERSION = YES;
				GCC_WARN_ABOUT_RETURN_TYPE = YES_ERROR;
				GCC_WARN_UNDECLARED_SELECTOR = YES;
				GCC_WARN_UNINITIALIZED_AUTOS = YES_AGGRESSIVE;
				GCC_WARN_UNUSED_FUNCTION = YES;
				GCC_WARN_UNUSED_VARIABLE = YES;
				IPHONEOS_DEPLOYMENT_TARGET = 9.3;
				MTL_ENABLE_DEBUG_INFO = NO;
				SDKROOT = iphoneos;
				VALIDATE_PRODUCT = YES;
			};
			name = Release;
		};
		292394B7215934590089CA0C /* Debug */ = {
			isa = XCBuildConfiguration;
			buildSettings = {
				ASSETCATALOG_COMPILER_APPICON_NAME = AppIcon;
				INFOPLIST_FILE = firtsApp/Info.plist;
				LD_RUNPATH_SEARCH_PATHS = "$(inherited) @executable_path/Frameworks";
				PRODUCT_BUNDLE_IDENTIFIER = ual.es.firtsApp;
				PRODUCT_NAME = "$(TARGET_NAME)";
			};
			name = Debug;
		};
		292394B8215934590089CA0C /* Release */ = {
			isa = XCBuildConfiguration;
			buildSettings = {
				ASSETCATALOG_COMPILER_APPICON_NAME = AppIcon;
				INFOPLIST_FILE = firtsApp/Info.plist;
				LD_RUNPATH_SEARCH_PATHS = "$(inherited) @executable_path/Frameworks";
				PRODUCT_BUNDLE_IDENTIFIER = ual.es.firtsApp;
				PRODUCT_NAME = "$(TARGET_NAME)";
			};
			name = Release;
		};
		292394BA215934590089CA0C /* Debug */ = {
			isa = XCBuildConfiguration;
			buildSettings = {
				BUNDLE_LOADER = "$(TEST_HOST)";
				INFOPLIST_FILE = firtsAppTests/Info.plist;
				LD_RUNPATH_SEARCH_PATHS = "$(inherited) @executable_path/Frameworks @loader_path/Frameworks";
				PRODUCT_BUNDLE_IDENTIFIER = ual.es.firtsAppTests;
				PRODUCT_NAME = "$(TARGET_NAME)";
				TEST_HOST = "$(BUILT_PRODUCTS_DIR)/firtsApp.app/firtsApp";
			};
			name = Debug;
		};
		292394BB215934590089CA0C /* Release */ = {
			isa = XCBuildConfiguration;
			buildSettings = {
				BUNDLE_LOADER = "$(TEST_HOST)";
				INFOPLIST_FILE = firtsAppTests/Info.plist;
				LD_RUNPATH_SEARCH_PATHS = "$(inherited) @executable_path/Frameworks @loader_path/Frameworks";
				PRODUCT_BUNDLE_IDENTIFIER = ual.es.firtsAppTests;
				PRODUCT_NAME = "$(TARGET_NAME)";
				TEST_HOST = "$(BUILT_PRODUCTS_DIR)/firtsApp.app/firtsApp";
			};
			name = Release;
		};
/* End XCBuildConfiguration section */

/* Begin XCConfigurationList section */
		29239494215934580089CA0C /* Build configuration list for PBXProject "firtsApp" */ = {
			isa = XCConfigurationList;
			buildConfigurations = (
				292394B4215934590089CA0C /* Debug */,
				292394B5215934590089CA0C /* Release */,
			);
			defaultConfigurationIsVisible = 0;
			defaultConfigurationName = Release;
		};
		292394B6215934590089CA0C /* Build configuration list for PBXNativeTarget "firtsApp" */ = {
			isa = XCConfigurationList;
			buildConfigurations = (
				292394B7215934590089CA0C /* Debug */,
				292394B8215934590089CA0C /* Release */,
			);
			defaultConfigurationIsVisible = 0;
		};
		292394B9215934590089CA0C /* Build configuration list for PBXNativeTarget "firtsAppTests" */ = {
			isa = XCConfigurationList;
			buildConfigurations = (
				292394BA215934590089CA0C /* Debug */,
				292394BB215934590089CA0C /* Release */,
			);
			defaultConfigurationIsVisible = 0;
		};
/* End XCConfigurationList section */
	};
	rootObject = 29239491215934580089CA0C /* Project object */;
}
